{
  "name": "pakistan-mcqs-hub",
  "version": "1.0.0",
  "lockfileVersion": 3,
  "requires": true,
  "packages": {
    "": {
      "name": "pakistan-mcqs-hub",
      "version": "1.0.0",
      "license": "SEE LICENSE IN LICENSE (decision pending)",
      "engines": {
        "node": ">=22"
      }
    }
  }
}
